// !$*UTF8*$!
{
	archiveVersion = 1;
	classes = {
	};
	objectVersion = 46;
	objects = {

/* Begin PBXBuildFile section */
		395F07371A257C7D00736297 /* MessageUI.framework in Frameworks */ = {isa = PBXBuildFile; fileRef = 395F07361A257C7D00736297 /* MessageUI.framework */; };
		395F07391A257C8400736297 /* AudioToolbox.framework in Frameworks */ = {isa = PBXBuildFile; fileRef = 395F07381A257C8300736297 /* AudioToolbox.framework */; };
		395F073B1A257C8A00736297 /* CFNetwork.framework in Frameworks */ = {isa = PBXBuildFile; fileRef = 395F073A1A257C8A00736297 /* CFNetwork.framework */; };
		395F073D1A257C9100736297 /* CoreGraphics.framework in Frameworks */ = {isa = PBXBuildFile; fileRef = 395F073C1A257C9100736297 /* CoreGraphics.framework */; };
		395F073F1A257C9700736297 /* CoreLocation.framework in Frameworks */ = {isa = PBXBuildFile; fileRef = 395F073E1A257C9700736297 /* CoreLocation.framework */; };
		395F07411A257CA000736297 /* libz.dylib in Frameworks */ = {isa = PBXBuildFile; fileRef = 395F07401A257CA000736297 /* libz.dylib */; };
		395F07431A257CB000736297 /* MobileCoreServices.framework in Frameworks */ = {isa = PBXBuildFile; fileRef = 395F07421A257CB000736297 /* MobileCoreServices.framework */; };
		395F07451A257CBC00736297 /* QuartzCore.framework in Frameworks */ = {isa = PBXBuildFile; fileRef = 395F07441A257CBC00736297 /* QuartzCore.framework */; };
		395F07471A257CC200736297 /* Security.framework in Frameworks */ = {isa = PBXBuildFile; fileRef = 395F07461A257CC200736297 /* Security.framework */; };
		395F07491A257CCA00736297 /* StoreKit.framework in Frameworks */ = {isa = PBXBuildFile; fileRef = 395F07481A257CCA00736297 /* StoreKit.framework */; };
		395F074B1A257CD000736297 /* SystemConfiguration.framework in Frameworks */ = {isa = PBXBuildFile; fileRef = 395F074A1A257CD000736297 /* SystemConfiguration.framework */; };
		395F074D1A257CD500736297 /* Social.framework in Frameworks */ = {isa = PBXBuildFile; fileRef = 395F074C1A257CD500736297 /* Social.framework */; };
		395F074F1A257CDB00736297 /* AdSupport.framework in Frameworks */ = {isa = PBXBuildFile; fileRef = 395F074E1A257CDB00736297 /* AdSupport.framework */; };
		395F07511A257CE100736297 /* Accounts.framework in Frameworks */ = {isa = PBXBuildFile; fileRef = 395F07501A257CE100736297 /* Accounts.framework */; };
		395F07571A257D1700736297 /* Bolts.framework in Frameworks */ = {isa = PBXBuildFile; fileRef = 395F07531A257CF400736297 /* Bolts.framework */; };
		395F07581A257D1A00736297 /* Parse.framework in Frameworks */ = {isa = PBXBuildFile; fileRef = 395F07541A257CF400736297 /* Parse.framework */; };
		395F07591A257D1B00736297 /* ParseFacebookUtils.framework in Frameworks */ = {isa = PBXBuildFile; fileRef = 395F07551A257CF400736297 /* ParseFacebookUtils.framework */; };
		395F075A1A257D1D00736297 /* ParseUI.framework in Frameworks */ = {isa = PBXBuildFile; fileRef = 395F07561A257CF400736297 /* ParseUI.framework */; };
		39619D671A23E02600AA38DA /* main.m in Sources */ = {isa = PBXBuildFile; fileRef = 39619D661A23E02600AA38DA /* main.m */; };
		39619D6A1A23E02600AA38DA /* AppDelegate.m in Sources */ = {isa = PBXBuildFile; fileRef = 39619D691A23E02600AA38DA /* AppDelegate.m */; };
		39619D6D1A23E02600AA38DA /* ProductViewController.m in Sources */ = {isa = PBXBuildFile; fileRef = 39619D6C1A23E02600AA38DA /* ProductViewController.m */; };
		39619D701A23E02600AA38DA /* Main.storyboard in Resources */ = {isa = PBXBuildFile; fileRef = 39619D6E1A23E02600AA38DA /* Main.storyboard */; };
		39619D721A23E02600AA38DA /* Images.xcassets in Resources */ = {isa = PBXBuildFile; fileRef = 39619D711A23E02600AA38DA /* Images.xcassets */; };
		39619D751A23E02600AA38DA /* LaunchScreen.xib in Resources */ = {isa = PBXBuildFile; fileRef = 39619D731A23E02600AA38DA /* LaunchScreen.xib */; };
		39619D811A23E02600AA38DA /* City_Bicycle_Co_Tests.m in Sources */ = {isa = PBXBuildFile; fileRef = 39619D801A23E02600AA38DA /* City_Bicycle_Co_Tests.m */; };
		39619D8B1A23E4F300AA38DA /* citylogo.png in Resources */ = {isa = PBXBuildFile; fileRef = 39619D8A1A23E4F300AA38DA /* citylogo.png */; };
		39619D911A23E79D00AA38DA /* shopping_cart_empty-50.png in Resources */ = {isa = PBXBuildFile; fileRef = 39619D901A23E79D00AA38DA /* shopping_cart_empty-50.png */; };
		39619D941A23EE6300AA38DA /* ProfileViewController.m in Sources */ = {isa = PBXBuildFile; fileRef = 39619D931A23EE6300AA38DA /* ProfileViewController.m */; };
		39619D971A23F7F800AA38DA /* AdminViewController.m in Sources */ = {isa = PBXBuildFile; fileRef = 39619D961A23F7F800AA38DA /* AdminViewController.m */; };
		3977EEA01A2554CE0041184B /* ShoppingCartViewController.m in Sources */ = {isa = PBXBuildFile; fileRef = 3977EE9F1A2554CE0041184B /* ShoppingCartViewController.m */; };
		39BB17B41A240E9600AA846C /* WheelSetViewController.m in Sources */ = {isa = PBXBuildFile; fileRef = 39BB17B31A240E9600AA846C /* WheelSetViewController.m */; };
		39BB17B71A240F1600AA846C /* HatDetailViewController.m in Sources */ = {isa = PBXBuildFile; fileRef = 39BB17B61A240F1600AA846C /* HatDetailViewController.m */; };
		39BB17BA1A240F4500AA846C /* ShirtsViewController.m in Sources */ = {isa = PBXBuildFile; fileRef = 39BB17B91A240F4500AA846C /* ShirtsViewController.m */; };
		39BB17C01A241D8200AA846C /* AccessoriesViewController.m in Sources */ = {isa = PBXBuildFile; fileRef = 39BB17BF1A241D8200AA846C /* AccessoriesViewController.m */; };
		39BB17C21A24203100AA846C /* settings18.png in Resources */ = {isa = PBXBuildFile; fileRef = 39BB17C11A24203100AA846C /* settings18.png */; };
		39BB17C51A24242E00AA846C /* BicycleViewController.m in Sources */ = {isa = PBXBuildFile; fileRef = 39BB17C41A24242E00AA846C /* BicycleViewController.m */; };
		39BB17C71A24531300AA846C /* City-Logo-Tagline.ai in Resources */ = {isa = PBXBuildFile; fileRef = 39BB17C61A24531300AA846C /* City-Logo-Tagline.ai */; };
		39BB17C91A24540500AA846C /* City-Logo-Tagline(1).png in Resources */ = {isa = PBXBuildFile; fileRef = 39BB17C81A24540500AA846C /* City-Logo-Tagline(1).png */; };
		39DE83CB1A26446900BB47FB /* Bicycle.m in Sources */ = {isa = PBXBuildFile; fileRef = 39DE83CA1A26446900BB47FB /* Bicycle.m */; };
		39DE83D41A2649D900BB47FB /* Photo.m in Sources */ = {isa = PBXBuildFile; fileRef = 39DE83D31A2649D900BB47FB /* Photo.m */; };
		39DE84091A2669ED00BB47FB /* BicycleCollectionViewCustomCell.m in Sources */ = {isa = PBXBuildFile; fileRef = 39DE84081A2669ED00BB47FB /* BicycleCollectionViewCustomCell.m */; };
/* End PBXBuildFile section */

/* Begin PBXContainerItemProxy section */
		39619D7B1A23E02600AA38DA /* PBXContainerItemProxy */ = {
			isa = PBXContainerItemProxy;
			containerPortal = 39619D591A23E02500AA38DA /* Project object */;
			proxyType = 1;
			remoteGlobalIDString = 39619D601A23E02600AA38DA;
			remoteInfo = "City Bicycle Co.";
		};
/* End PBXContainerItemProxy section */

/* Begin PBXFileReference section */
		395F07361A257C7D00736297 /* MessageUI.framework */ = {isa = PBXFileReference; lastKnownFileType = wrapper.framework; name = MessageUI.framework; path = System/Library/Frameworks/MessageUI.framework; sourceTree = SDKROOT; };
		395F07381A257C8300736297 /* AudioToolbox.framework */ = {isa = PBXFileReference; lastKnownFileType = wrapper.framework; name = AudioToolbox.framework; path = System/Library/Frameworks/AudioToolbox.framework; sourceTree = SDKROOT; };
		395F073A1A257C8A00736297 /* CFNetwork.framework */ = {isa = PBXFileReference; lastKnownFileType = wrapper.framework; name = CFNetwork.framework; path = System/Library/Frameworks/CFNetwork.framework; sourceTree = SDKROOT; };
		395F073C1A257C9100736297 /* CoreGraphics.framework */ = {isa = PBXFileReference; lastKnownFileType = wrapper.framework; name = CoreGraphics.framework; path = System/Library/Frameworks/CoreGraphics.framework; sourceTree = SDKROOT; };
		395F073E1A257C9700736297 /* CoreLocation.framework */ = {isa = PBXFileReference; lastKnownFileType = wrapper.framework; name = CoreLocation.framework; path = System/Library/Frameworks/CoreLocation.framework; sourceTree = SDKROOT; };
		395F07401A257CA000736297 /* libz.dylib */ = {isa = PBXFileReference; lastKnownFileType = "compiled.mach-o.dylib"; name = libz.dylib; path = usr/lib/libz.dylib; sourceTree = SDKROOT; };
		395F07421A257CB000736297 /* MobileCoreServices.framework */ = {isa = PBXFileReference; lastKnownFileType = wrapper.framework; name = MobileCoreServices.framework; path = System/Library/Frameworks/MobileCoreServices.framework; sourceTree = SDKROOT; };
		395F07441A257CBC00736297 /* QuartzCore.framework */ = {isa = PBXFileReference; lastKnownFileType = wrapper.framework; name = QuartzCore.framework; path = System/Library/Frameworks/QuartzCore.framework; sourceTree = SDKROOT; };
		395F07461A257CC200736297 /* Security.framework */ = {isa = PBXFileReference; lastKnownFileType = wrapper.framework; name = Security.framework; path = System/Library/Frameworks/Security.framework; sourceTree = SDKROOT; };
		395F07481A257CCA00736297 /* StoreKit.framework */ = {isa = PBXFileReference; lastKnownFileType = wrapper.framework; name = StoreKit.framework; path = System/Library/Frameworks/StoreKit.framework; sourceTree = SDKROOT; };
		395F074A1A257CD000736297 /* SystemConfiguration.framework */ = {isa = PBXFileReference; lastKnownFileType = wrapper.framework; name = SystemConfiguration.framework; path = System/Library/Frameworks/SystemConfiguration.framework; sourceTree = SDKROOT; };
		395F074C1A257CD500736297 /* Social.framework */ = {isa = PBXFileReference; lastKnownFileType = wrapper.framework; name = Social.framework; path = System/Library/Frameworks/Social.framework; sourceTree = SDKROOT; };
		395F074E1A257CDB00736297 /* AdSupport.framework */ = {isa = PBXFileReference; lastKnownFileType = wrapper.framework; name = AdSupport.framework; path = System/Library/Frameworks/AdSupport.framework; sourceTree = SDKROOT; };
		395F07501A257CE100736297 /* Accounts.framework */ = {isa = PBXFileReference; lastKnownFileType = wrapper.framework; name = Accounts.framework; path = System/Library/Frameworks/Accounts.framework; sourceTree = SDKROOT; };
		395F07531A257CF400736297 /* Bolts.framework */ = {isa = PBXFileReference; lastKnownFileType = wrapper.framework; path = Bolts.framework; sourceTree = "<group>"; };
		395F07541A257CF400736297 /* Parse.framework */ = {isa = PBXFileReference; lastKnownFileType = wrapper.framework; path = Parse.framework; sourceTree = "<group>"; };
		395F07551A257CF400736297 /* ParseFacebookUtils.framework */ = {isa = PBXFileReference; lastKnownFileType = wrapper.framework; path = ParseFacebookUtils.framework; sourceTree = "<group>"; };
		395F07561A257CF400736297 /* ParseUI.framework */ = {isa = PBXFileReference; lastKnownFileType = wrapper.framework; path = ParseUI.framework; sourceTree = "<group>"; };
		39619D611A23E02600AA38DA /* CityBicycleCo.app */ = {isa = PBXFileReference; explicitFileType = wrapper.application; includeInIndex = 0; path = CityBicycleCo.app; sourceTree = BUILT_PRODUCTS_DIR; };
		39619D651A23E02600AA38DA /* Info.plist */ = {isa = PBXFileReference; lastKnownFileType = text.plist.xml; path = Info.plist; sourceTree = "<group>"; };
		39619D661A23E02600AA38DA /* main.m */ = {isa = PBXFileReference; lastKnownFileType = sourcecode.c.objc; path = main.m; sourceTree = "<group>"; };
		39619D681A23E02600AA38DA /* AppDelegate.h */ = {isa = PBXFileReference; lastKnownFileType = sourcecode.c.h; path = AppDelegate.h; sourceTree = "<group>"; };
		39619D691A23E02600AA38DA /* AppDelegate.m */ = {isa = PBXFileReference; lastKnownFileType = sourcecode.c.objc; path = AppDelegate.m; sourceTree = "<group>"; };
		39619D6B1A23E02600AA38DA /* ProductViewController.h */ = {isa = PBXFileReference; lastKnownFileType = sourcecode.c.h; path = ProductViewController.h; sourceTree = "<group>"; };
		39619D6C1A23E02600AA38DA /* ProductViewController.m */ = {isa = PBXFileReference; lastKnownFileType = sourcecode.c.objc; path = ProductViewController.m; sourceTree = "<group>"; };
		39619D6F1A23E02600AA38DA /* Base */ = {isa = PBXFileReference; lastKnownFileType = file.storyboard; name = Base; path = Base.lproj/Main.storyboard; sourceTree = "<group>"; };
		39619D711A23E02600AA38DA /* Images.xcassets */ = {isa = PBXFileReference; lastKnownFileType = folder.assetcatalog; path = Images.xcassets; sourceTree = "<group>"; };
		39619D741A23E02600AA38DA /* Base */ = {isa = PBXFileReference; lastKnownFileType = file.xib; name = Base; path = Base.lproj/LaunchScreen.xib; sourceTree = "<group>"; };
		39619D7A1A23E02600AA38DA /* CityBicycleCoTests.xctest */ = {isa = PBXFileReference; explicitFileType = wrapper.cfbundle; includeInIndex = 0; path = CityBicycleCoTests.xctest; sourceTree = BUILT_PRODUCTS_DIR; };
		39619D7F1A23E02600AA38DA /* Info.plist */ = {isa = PBXFileReference; lastKnownFileType = text.plist.xml; path = Info.plist; sourceTree = "<group>"; };
		39619D801A23E02600AA38DA /* City_Bicycle_Co_Tests.m */ = {isa = PBXFileReference; lastKnownFileType = sourcecode.c.objc; path = City_Bicycle_Co_Tests.m; sourceTree = "<group>"; };
		39619D8A1A23E4F300AA38DA /* citylogo.png */ = {isa = PBXFileReference; lastKnownFileType = image.png; path = citylogo.png; sourceTree = "<group>"; };
		39619D901A23E79D00AA38DA /* shopping_cart_empty-50.png */ = {isa = PBXFileReference; lastKnownFileType = image.png; path = "shopping_cart_empty-50.png"; sourceTree = "<group>"; };
		39619D921A23EE6300AA38DA /* ProfileViewController.h */ = {isa = PBXFileReference; fileEncoding = 4; lastKnownFileType = sourcecode.c.h; path = ProfileViewController.h; sourceTree = "<group>"; };
		39619D931A23EE6300AA38DA /* ProfileViewController.m */ = {isa = PBXFileReference; fileEncoding = 4; lastKnownFileType = sourcecode.c.objc; path = ProfileViewController.m; sourceTree = "<group>"; };
		39619D951A23F7F800AA38DA /* AdminViewController.h */ = {isa = PBXFileReference; fileEncoding = 4; lastKnownFileType = sourcecode.c.h; name = AdminViewController.h; path = ../AdminViewController.h; sourceTree = "<group>"; };
		39619D961A23F7F800AA38DA /* AdminViewController.m */ = {isa = PBXFileReference; fileEncoding = 4; lastKnownFileType = sourcecode.c.objc; name = AdminViewController.m; path = ../AdminViewController.m; sourceTree = "<group>"; };
		3977EE9E1A2554CE0041184B /* ShoppingCartViewController.h */ = {isa = PBXFileReference; fileEncoding = 4; lastKnownFileType = sourcecode.c.h; path = ShoppingCartViewController.h; sourceTree = "<group>"; };
		3977EE9F1A2554CE0041184B /* ShoppingCartViewController.m */ = {isa = PBXFileReference; fileEncoding = 4; lastKnownFileType = sourcecode.c.objc; path = ShoppingCartViewController.m; sourceTree = "<group>"; };
		39BB17B21A240E9600AA846C /* WheelSetViewController.h */ = {isa = PBXFileReference; fileEncoding = 4; lastKnownFileType = sourcecode.c.h; path = WheelSetViewController.h; sourceTree = "<group>"; };
		39BB17B31A240E9600AA846C /* WheelSetViewController.m */ = {isa = PBXFileReference; fileEncoding = 4; lastKnownFileType = sourcecode.c.objc; path = WheelSetViewController.m; sourceTree = "<group>"; };
		39BB17B51A240F1600AA846C /* HatDetailViewController.h */ = {isa = PBXFileReference; fileEncoding = 4; lastKnownFileType = sourcecode.c.h; path = HatDetailViewController.h; sourceTree = "<group>"; };
		39BB17B61A240F1600AA846C /* HatDetailViewController.m */ = {isa = PBXFileReference; fileEncoding = 4; lastKnownFileType = sourcecode.c.objc; path = HatDetailViewController.m; sourceTree = "<group>"; };
		39BB17B81A240F4500AA846C /* ShirtsViewController.h */ = {isa = PBXFileReference; fileEncoding = 4; lastKnownFileType = sourcecode.c.h; name = ShirtsViewController.h; path = ../ShirtsViewController.h; sourceTree = "<group>"; };
		39BB17B91A240F4500AA846C /* ShirtsViewController.m */ = {isa = PBXFileReference; fileEncoding = 4; lastKnownFileType = sourcecode.c.objc; name = ShirtsViewController.m; path = ../ShirtsViewController.m; sourceTree = "<group>"; };
		39BB17BE1A241D8200AA846C /* AccessoriesViewController.h */ = {isa = PBXFileReference; fileEncoding = 4; lastKnownFileType = sourcecode.c.h; path = AccessoriesViewController.h; sourceTree = "<group>"; };
		39BB17BF1A241D8200AA846C /* AccessoriesViewController.m */ = {isa = PBXFileReference; fileEncoding = 4; lastKnownFileType = sourcecode.c.objc; path = AccessoriesViewController.m; sourceTree = "<group>"; };
		39BB17C11A24203100AA846C /* settings18.png */ = {isa = PBXFileReference; lastKnownFileType = image.png; path = settings18.png; sourceTree = "<group>"; };
		39BB17C31A24242E00AA846C /* BicycleViewController.h */ = {isa = PBXFileReference; fileEncoding = 4; lastKnownFileType = sourcecode.c.h; path = BicycleViewController.h; sourceTree = "<group>"; };
		39BB17C41A24242E00AA846C /* BicycleViewController.m */ = {isa = PBXFileReference; fileEncoding = 4; lastKnownFileType = sourcecode.c.objc; path = BicycleViewController.m; sourceTree = "<group>"; };
		39BB17C61A24531300AA846C /* City-Logo-Tagline.ai */ = {isa = PBXFileReference; fileEncoding = 4; lastKnownFileType = text; path = "City-Logo-Tagline.ai"; sourceTree = "<group>"; };
		39BB17C81A24540500AA846C /* City-Logo-Tagline(1).png */ = {isa = PBXFileReference; lastKnownFileType = image.png; path = "City-Logo-Tagline(1).png"; sourceTree = "<group>"; };
		39DE83C91A26446900BB47FB /* Bicycle.h */ = {isa = PBXFileReference; fileEncoding = 4; lastKnownFileType = sourcecode.c.h; path = Bicycle.h; sourceTree = "<group>"; };
		39DE83CA1A26446900BB47FB /* Bicycle.m */ = {isa = PBXFileReference; fileEncoding = 4; lastKnownFileType = sourcecode.c.objc; path = Bicycle.m; sourceTree = "<group>"; };
		39DE83D21A2649D900BB47FB /* Photo.h */ = {isa = PBXFileReference; fileEncoding = 4; lastKnownFileType = sourcecode.c.h; path = Photo.h; sourceTree = "<group>"; };
		39DE83D31A2649D900BB47FB /* Photo.m */ = {isa = PBXFileReference; fileEncoding = 4; lastKnownFileType = sourcecode.c.objc; path = Photo.m; sourceTree = "<group>"; };
		39DE84071A2669ED00BB47FB /* BicycleCollectionViewCustomCell.h */ = {isa = PBXFileReference; fileEncoding = 4; lastKnownFileType = sourcecode.c.h; path = BicycleCollectionViewCustomCell.h; sourceTree = "<group>"; };
		39DE84081A2669ED00BB47FB /* BicycleCollectionViewCustomCell.m */ = {isa = PBXFileReference; fileEncoding = 4; lastKnownFileType = sourcecode.c.objc; path = BicycleCollectionViewCustomCell.m; sourceTree = "<group>"; };
/* End PBXFileReference section */

/* Begin PBXFrameworksBuildPhase section */
		39619D5E1A23E02600AA38DA /* Frameworks */ = {
			isa = PBXFrameworksBuildPhase;
			buildActionMask = 2147483647;
			files = (
				395F07511A257CE100736297 /* Accounts.framework in Frameworks */,
				395F074F1A257CDB00736297 /* AdSupport.framework in Frameworks */,
				395F074D1A257CD500736297 /* Social.framework in Frameworks */,
				395F07591A257D1B00736297 /* ParseFacebookUtils.framework in Frameworks */,
				395F074B1A257CD000736297 /* SystemConfiguration.framework in Frameworks */,
				395F075A1A257D1D00736297 /* ParseUI.framework in Frameworks */,
				395F07491A257CCA00736297 /* StoreKit.framework in Frameworks */,
				395F07581A257D1A00736297 /* Parse.framework in Frameworks */,
				395F07471A257CC200736297 /* Security.framework in Frameworks */,
				395F07451A257CBC00736297 /* QuartzCore.framework in Frameworks */,
				395F07431A257CB000736297 /* MobileCoreServices.framework in Frameworks */,
				395F07411A257CA000736297 /* libz.dylib in Frameworks */,
				395F073F1A257C9700736297 /* CoreLocation.framework in Frameworks */,
				395F073D1A257C9100736297 /* CoreGraphics.framework in Frameworks */,
				395F07571A257D1700736297 /* Bolts.framework in Frameworks */,
				395F073B1A257C8A00736297 /* CFNetwork.framework in Frameworks */,
				395F07391A257C8400736297 /* AudioToolbox.framework in Frameworks */,
				395F07371A257C7D00736297 /* MessageUI.framework in Frameworks */,
			);
			runOnlyForDeploymentPostprocessing = 0;
		};
		39619D771A23E02600AA38DA /* Frameworks */ = {
			isa = PBXFrameworksBuildPhase;
			buildActionMask = 2147483647;
			files = (
			);
			runOnlyForDeploymentPostprocessing = 0;
		};
/* End PBXFrameworksBuildPhase section */

/* Begin PBXGroup section */
		395F07521A257CF300736297 /* parse-library-1.5.0 */ = {
			isa = PBXGroup;
			children = (
				395F07531A257CF400736297 /* Bolts.framework */,
				395F07541A257CF400736297 /* Parse.framework */,
				395F07551A257CF400736297 /* ParseFacebookUtils.framework */,
				395F07561A257CF400736297 /* ParseUI.framework */,
			);
			name = "parse-library-1.5.0";
			path = "../../../Downloads/parse-library-1.5.0";
			sourceTree = "<group>";
		};
		395F075B1A257D4800736297 /* Frameworks */ = {
			isa = PBXGroup;
			children = (
				395F07521A257CF300736297 /* parse-library-1.5.0 */,
				395F07501A257CE100736297 /* Accounts.framework */,
				395F074E1A257CDB00736297 /* AdSupport.framework */,
				395F074C1A257CD500736297 /* Social.framework */,
				395F074A1A257CD000736297 /* SystemConfiguration.framework */,
				395F07481A257CCA00736297 /* StoreKit.framework */,
				395F07461A257CC200736297 /* Security.framework */,
				395F07441A257CBC00736297 /* QuartzCore.framework */,
				395F07421A257CB000736297 /* MobileCoreServices.framework */,
				395F07401A257CA000736297 /* libz.dylib */,
				395F073E1A257C9700736297 /* CoreLocation.framework */,
				395F073C1A257C9100736297 /* CoreGraphics.framework */,
				395F073A1A257C8A00736297 /* CFNetwork.framework */,
				395F07381A257C8300736297 /* AudioToolbox.framework */,
				395F07361A257C7D00736297 /* MessageUI.framework */,
			);
			name = Frameworks;
			path = ..;
			sourceTree = "<group>";
		};
		395F075C1A257D5F00736297 /* images */ = {
			isa = PBXGroup;
			children = (
				39BB17C61A24531300AA846C /* City-Logo-Tagline.ai */,
				39BB17C81A24540500AA846C /* City-Logo-Tagline(1).png */,
				39BB17C11A24203100AA846C /* settings18.png */,
				39619D8A1A23E4F300AA38DA /* citylogo.png */,
				39619D901A23E79D00AA38DA /* shopping_cart_empty-50.png */,
			);
			name = images;
			sourceTree = "<group>";
		};
		39619D581A23E02500AA38DA = {
			isa = PBXGroup;
			children = (
				39DE83D21A2649D900BB47FB /* Photo.h */,
				39DE83D31A2649D900BB47FB /* Photo.m */,
				39DE83C91A26446900BB47FB /* Bicycle.h */,
				39DE83CA1A26446900BB47FB /* Bicycle.m */,
				39619D6E1A23E02600AA38DA /* Main.storyboard */,
				39619D631A23E02600AA38DA /* City Bicycle Co. */,
				39619D7D1A23E02600AA38DA /* City Bicycle Co.Tests */,
				39619D621A23E02600AA38DA /* Products */,
			);
			sourceTree = "<group>";
		};
		39619D621A23E02600AA38DA /* Products */ = {
			isa = PBXGroup;
			children = (
				39619D611A23E02600AA38DA /* CityBicycleCo.app */,
				39619D7A1A23E02600AA38DA /* CityBicycleCoTests.xctest */,
			);
			name = Products;
			sourceTree = "<group>";
		};
		39619D631A23E02600AA38DA /* City Bicycle Co. */ = {
			isa = PBXGroup;
			children = (
				39619D681A23E02600AA38DA /* AppDelegate.h */,
				39619D691A23E02600AA38DA /* AppDelegate.m */,
				39619D6B1A23E02600AA38DA /* ProductViewController.h */,
				39619D6C1A23E02600AA38DA /* ProductViewController.m */,
				39619D921A23EE6300AA38DA /* ProfileViewController.h */,
				39619D931A23EE6300AA38DA /* ProfileViewController.m */,
				39619D951A23F7F800AA38DA /* AdminViewController.h */,
				39619D961A23F7F800AA38DA /* AdminViewController.m */,
				39BB17B21A240E9600AA846C /* WheelSetViewController.h */,
				39BB17B31A240E9600AA846C /* WheelSetViewController.m */,
				39BB17B51A240F1600AA846C /* HatDetailViewController.h */,
				39BB17B61A240F1600AA846C /* HatDetailViewController.m */,
				39BB17B81A240F4500AA846C /* ShirtsViewController.h */,
				39BB17B91A240F4500AA846C /* ShirtsViewController.m */,
				39BB17BE1A241D8200AA846C /* AccessoriesViewController.h */,
				39BB17BF1A241D8200AA846C /* AccessoriesViewController.m */,
				39BB17C31A24242E00AA846C /* BicycleViewController.h */,
				39BB17C41A24242E00AA846C /* BicycleViewController.m */,
				3977EE9E1A2554CE0041184B /* ShoppingCartViewController.h */,
				3977EE9F1A2554CE0041184B /* ShoppingCartViewController.m */,
				39DE84071A2669ED00BB47FB /* BicycleCollectionViewCustomCell.h */,
				39DE84081A2669ED00BB47FB /* BicycleCollectionViewCustomCell.m */,
				39619D731A23E02600AA38DA /* LaunchScreen.xib */,
				39619D711A23E02600AA38DA /* Images.xcassets */,
				395F075C1A257D5F00736297 /* images */,
				395F075B1A257D4800736297 /* Frameworks */,
				39619D641A23E02600AA38DA /* Supporting Files */,
			);
			path = "City Bicycle Co.";
			sourceTree = "<group>";
		};
		39619D641A23E02600AA38DA /* Supporting Files */ = {
			isa = PBXGroup;
			children = (
				39619D651A23E02600AA38DA /* Info.plist */,
				39619D661A23E02600AA38DA /* main.m */,
			);
			name = "Supporting Files";
			sourceTree = "<group>";
		};
		39619D7D1A23E02600AA38DA /* City Bicycle Co.Tests */ = {
			isa = PBXGroup;
			children = (
				39619D801A23E02600AA38DA /* City_Bicycle_Co_Tests.m */,
				39619D7E1A23E02600AA38DA /* Supporting Files */,
			);
			path = "City Bicycle Co.Tests";
			sourceTree = "<group>";
		};
		39619D7E1A23E02600AA38DA /* Supporting Files */ = {
			isa = PBXGroup;
			children = (
				39619D7F1A23E02600AA38DA /* Info.plist */,
			);
			name = "Supporting Files";
			sourceTree = "<group>";
		};
/* End PBXGroup section */

/* Begin PBXNativeTarget section */
		39619D601A23E02600AA38DA /* CityBicycleCo */ = {
			isa = PBXNativeTarget;
			buildConfigurationList = 39619D841A23E02600AA38DA /* Build configuration list for PBXNativeTarget "CityBicycleCo" */;
			buildPhases = (
				39619D5D1A23E02600AA38DA /* Sources */,
				39619D5E1A23E02600AA38DA /* Frameworks */,
				39619D5F1A23E02600AA38DA /* Resources */,
			);
			buildRules = (
			);
			dependencies = (
			);
			name = CityBicycleCo;
			productName = "City Bicycle Co.";
			productReference = 39619D611A23E02600AA38DA /* CityBicycleCo.app */;
			productType = "com.apple.product-type.application";
		};
		39619D791A23E02600AA38DA /* CityBicycleCoTests */ = {
			isa = PBXNativeTarget;
			buildConfigurationList = 39619D871A23E02600AA38DA /* Build configuration list for PBXNativeTarget "CityBicycleCoTests" */;
			buildPhases = (
				39619D761A23E02600AA38DA /* Sources */,
				39619D771A23E02600AA38DA /* Frameworks */,
				39619D781A23E02600AA38DA /* Resources */,
			);
			buildRules = (
			);
			dependencies = (
				39619D7C1A23E02600AA38DA /* PBXTargetDependency */,
			);
			name = CityBicycleCoTests;
			productName = "City Bicycle Co.Tests";
			productReference = 39619D7A1A23E02600AA38DA /* CityBicycleCoTests.xctest */;
			productType = "com.apple.product-type.bundle.unit-test";
		};
/* End PBXNativeTarget section */

/* Begin PBXProject section */
		39619D591A23E02500AA38DA /* Project object */ = {
			isa = PBXProject;
			attributes = {
				LastUpgradeCheck = 0610;
				ORGANIZATIONNAME = MVA;
				TargetAttributes = {
					39619D601A23E02600AA38DA = {
						CreatedOnToolsVersion = 6.1;
					};
					39619D791A23E02600AA38DA = {
						CreatedOnToolsVersion = 6.1;
						TestTargetID = 39619D601A23E02600AA38DA;
					};
				};
			};
			buildConfigurationList = 39619D5C1A23E02500AA38DA /* Build configuration list for PBXProject "CityBicycleCo" */;
			compatibilityVersion = "Xcode 3.2";
			developmentRegion = English;
			hasScannedForEncodings = 0;
			knownRegions = (
				en,
				Base,
			);
			mainGroup = 39619D581A23E02500AA38DA;
			productRefGroup = 39619D621A23E02600AA38DA /* Products */;
			projectDirPath = "";
			projectRoot = "";
			targets = (
				39619D601A23E02600AA38DA /* CityBicycleCo */,
				39619D791A23E02600AA38DA /* CityBicycleCoTests */,
			);
		};
/* End PBXProject section */

/* Begin PBXResourcesBuildPhase section */
		39619D5F1A23E02600AA38DA /* Resources */ = {
			isa = PBXResourcesBuildPhase;
			buildActionMask = 2147483647;
			files = (
				39619D911A23E79D00AA38DA /* shopping_cart_empty-50.png in Resources */,
				39BB17C71A24531300AA846C /* City-Logo-Tagline.ai in Resources */,
				39619D701A23E02600AA38DA /* Main.storyboard in Resources */,
				39619D8B1A23E4F300AA38DA /* citylogo.png in Resources */,
				39619D751A23E02600AA38DA /* LaunchScreen.xib in Resources */,
				39BB17C91A24540500AA846C /* City-Logo-Tagline(1).png in Resources */,
				39619D721A23E02600AA38DA /* Images.xcassets in Resources */,
				39BB17C21A24203100AA846C /* settings18.png in Resources */,
			);
			runOnlyForDeploymentPostprocessing = 0;
		};
		39619D781A23E02600AA38DA /* Resources */ = {
			isa = PBXResourcesBuildPhase;
			buildActionMask = 2147483647;
			files = (
			);
			runOnlyForDeploymentPostprocessing = 0;
		};
/* End PBXResourcesBuildPhase section */

/* Begin PBXSourcesBuildPhase section */
		39619D5D1A23E02600AA38DA /* Sources */ = {
			isa = PBXSourcesBuildPhase;
			buildActionMask = 2147483647;
			files = (
				39BB17B71A240F1600AA846C /* HatDetailViewController.m in Sources */,
				39619D6D1A23E02600AA38DA /* ProductViewController.m in Sources */,
				39DE83D41A2649D900BB47FB /* Photo.m in Sources */,
				39619D6A1A23E02600AA38DA /* AppDelegate.m in Sources */,
				39619D971A23F7F800AA38DA /* AdminViewController.m in Sources */,
				39619D941A23EE6300AA38DA /* ProfileViewController.m in Sources */,
				39BB17BA1A240F4500AA846C /* ShirtsViewController.m in Sources */,
				39BB17C51A24242E00AA846C /* BicycleViewController.m in Sources */,
				39DE83CB1A26446900BB47FB /* Bicycle.m in Sources */,
				39DE84091A2669ED00BB47FB /* BicycleCollectionViewCustomCell.m in Sources */,
				39619D671A23E02600AA38DA /* main.m in Sources */,
				3977EEA01A2554CE0041184B /* ShoppingCartViewController.m in Sources */,
				39BB17B41A240E9600AA846C /* WheelSetViewController.m in Sources */,
				39BB17C01A241D8200AA846C /* AccessoriesViewController.m in Sources */,
			);
			runOnlyForDeploymentPostprocessing = 0;
		};
		39619D761A23E02600AA38DA /* Sources */ = {
			isa = PBXSourcesBuildPhase;
			buildActionMask = 2147483647;
			files = (
				39619D811A23E02600AA38DA /* City_Bicycle_Co_Tests.m in Sources */,
			);
			runOnlyForDeploymentPostprocessing = 0;
		};
/* End PBXSourcesBuildPhase section */

/* Begin PBXTargetDependency section */
		39619D7C1A23E02600AA38DA /* PBXTargetDependency */ = {
			isa = PBXTargetDependency;
			target = 39619D601A23E02600AA38DA /* CityBicycleCo */;
			targetProxy = 39619D7B1A23E02600AA38DA /* PBXContainerItemProxy */;
		};
/* End PBXTargetDependency section */

/* Begin PBXVariantGroup section */
		39619D6E1A23E02600AA38DA /* Main.storyboard */ = {
			isa = PBXVariantGroup;
			children = (
				39619D6F1A23E02600AA38DA /* Base */,
			);
			name = Main.storyboard;
			path = "City Bicycle Co.";
			sourceTree = "<group>";
		};
		39619D731A23E02600AA38DA /* LaunchScreen.xib */ = {
			isa = PBXVariantGroup;
			children = (
				39619D741A23E02600AA38DA /* Base */,
			);
			name = LaunchScreen.xib;
			sourceTree = "<group>";
		};
/* End PBXVariantGroup section */

/* Begin XCBuildConfiguration section */
		39619D821A23E02600AA38DA /* Debug */ = {
			isa = XCBuildConfiguration;
			buildSettings = {
				ALWAYS_SEARCH_USER_PATHS = NO;
				CLANG_CXX_LANGUAGE_STANDARD = "gnu++0x";
				CLANG_CXX_LIBRARY = "libc++";
				CLANG_ENABLE_MODULES = YES;
				CLANG_ENABLE_OBJC_ARC = YES;
				CLANG_WARN_BOOL_CONVERSION = YES;
				CLANG_WARN_CONSTANT_CONVERSION = YES;
				CLANG_WARN_DIRECT_OBJC_ISA_USAGE = YES_ERROR;
				CLANG_WARN_EMPTY_BODY = YES;
				CLANG_WARN_ENUM_CONVERSION = YES;
				CLANG_WARN_INT_CONVERSION = YES;
				CLANG_WARN_OBJC_ROOT_CLASS = YES_ERROR;
				CLANG_WARN_UNREACHABLE_CODE = YES;
				CLANG_WARN__DUPLICATE_METHOD_MATCH = YES;
				"CODE_SIGN_IDENTITY[sdk=iphoneos*]" = "iPhone Developer";
				COPY_PHASE_STRIP = NO;
				ENABLE_STRICT_OBJC_MSGSEND = YES;
				GCC_C_LANGUAGE_STANDARD = gnu99;
				GCC_DYNAMIC_NO_PIC = NO;
				GCC_OPTIMIZATION_LEVEL = 0;
				GCC_PREPROCESSOR_DEFINITIONS = (
					"DEBUG=1",
					"$(inherited)",
				);
				GCC_SYMBOLS_PRIVATE_EXTERN = NO;
				GCC_WARN_64_TO_32_BIT_CONVERSION = YES;
				GCC_WARN_ABOUT_RETURN_TYPE = YES_ERROR;
				GCC_WARN_UNDECLARED_SELECTOR = YES;
				GCC_WARN_UNINITIALIZED_AUTOS = YES_AGGRESSIVE;
				GCC_WARN_UNUSED_FUNCTION = YES;
				GCC_WARN_UNUSED_VARIABLE = YES;
				IPHONEOS_DEPLOYMENT_TARGET = 8.1;
				MTL_ENABLE_DEBUG_INFO = YES;
				ONLY_ACTIVE_ARCH = YES;
				SDKROOT = iphoneos;
			};
			name = Debug;
		};
		39619D831A23E02600AA38DA /* Release */ = {
			isa = XCBuildConfiguration;
			buildSettings = {
				ALWAYS_SEARCH_USER_PATHS = NO;
				CLANG_CXX_LANGUAGE_STANDARD = "gnu++0x";
				CLANG_CXX_LIBRARY = "libc++";
				CLANG_ENABLE_MODULES = YES;
				CLANG_ENABLE_OBJC_ARC = YES;
				CLANG_WARN_BOOL_CONVERSION = YES;
				CLANG_WARN_CONSTANT_CONVERSION = YES;
				CLANG_WARN_DIRECT_OBJC_ISA_USAGE = YES_ERROR;
				CLANG_WARN_EMPTY_BODY = YES;
				CLANG_WARN_ENUM_CONVERSION = YES;
				CLANG_WARN_INT_CONVERSION = YES;
				CLANG_WARN_OBJC_ROOT_CLASS = YES_ERROR;
				CLANG_WARN_UNREACHABLE_CODE = YES;
				CLANG_WARN__DUPLICATE_METHOD_MATCH = YES;
				"CODE_SIGN_IDENTITY[sdk=iphoneos*]" = "iPhone Developer";
				COPY_PHASE_STRIP = YES;
				ENABLE_NS_ASSERTIONS = NO;
				ENABLE_STRICT_OBJC_MSGSEND = YES;
				GCC_C_LANGUAGE_STANDARD = gnu99;
				GCC_WARN_64_TO_32_BIT_CONVERSION = YES;
				GCC_WARN_ABOUT_RETURN_TYPE = YES_ERROR;
				GCC_WARN_UNDECLARED_SELECTOR = YES;
				GCC_WARN_UNINITIALIZED_AUTOS = YES_AGGRESSIVE;
				GCC_WARN_UNUSED_FUNCTION = YES;
				GCC_WARN_UNUSED_VARIABLE = YES;
				IPHONEOS_DEPLOYMENT_TARGET = 8.1;
				MTL_ENABLE_DEBUG_INFO = NO;
				SDKROOT = iphoneos;
				VALIDATE_PRODUCT = YES;
			};
			name = Release;
		};
		39619D851A23E02600AA38DA /* Debug */ = {
			isa = XCBuildConfiguration;
			buildSettings = {
				ASSETCATALOG_COMPILER_APPICON_NAME = AppIcon;
				FRAMEWORK_SEARCH_PATHS = (
					"$(inherited)",
					"/Users/Vala/Downloads/parse-library-1.5.0",
				);
				INFOPLIST_FILE = "City Bicycle Co./Info.plist";
				LD_RUNPATH_SEARCH_PATHS = "$(inherited) @executable_path/Frameworks";
				PRODUCT_NAME = CityBicycleCo;
			};
			name = Debug;
		};
		39619D861A23E02600AA38DA /* Release */ = {
			isa = XCBuildConfiguration;
			buildSettings = {
				ASSETCATALOG_COMPILER_APPICON_NAME = AppIcon;
				FRAMEWORK_SEARCH_PATHS = (
					"$(inherited)",
					"/Users/Vala/Downloads/parse-library-1.5.0",
				);
				INFOPLIST_FILE = "City Bicycle Co./Info.plist";
				LD_RUNPATH_SEARCH_PATHS = "$(inherited) @executable_path/Frameworks";
				PRODUCT_NAME = CityBicycleCo;
			};
			name = Release;
		};
		39619D881A23E02600AA38DA /* Debug */ = {
			isa = XCBuildConfiguration;
			buildSettings = {
				BUNDLE_LOADER = "$(TEST_HOST)";
				FRAMEWORK_SEARCH_PATHS = (
					"$(SDKROOT)/Developer/Library/Frameworks",
					"$(inherited)",
				);
				GCC_PREPROCESSOR_DEFINITIONS = (
					"DEBUG=1",
					"$(inherited)",
				);
				INFOPLIST_FILE = "City Bicycle Co.Tests/Info.plist";
				LD_RUNPATH_SEARCH_PATHS = "$(inherited) @executable_path/Frameworks @loader_path/Frameworks";
				PRODUCT_NAME = CityBicycleCoTests;
				TEST_HOST = "$(BUILT_PRODUCTS_DIR)/City Bicycle Co..app/City Bicycle Co.";
			};
			name = Debug;
		};
		39619D891A23E02600AA38DA /* Release */ = {
			isa = XCBuildConfiguration;
			buildSettings = {
				BUNDLE_LOADER = "$(TEST_HOST)";
				FRAMEWORK_SEARCH_PATHS = (
					"$(SDKROOT)/Developer/Library/Frameworks",
					"$(inherited)",
				);
				INFOPLIST_FILE = "City Bicycle Co.Tests/Info.plist";
				LD_RUNPATH_SEARCH_PATHS = "$(inherited) @executable_path/Frameworks @loader_path/Frameworks";
				PRODUCT_NAME = CityBicycleCoTests;
				TEST_HOST = "$(BUILT_PRODUCTS_DIR)/City Bicycle Co..app/City Bicycle Co.";
			};
			name = Release;
		};
/* End XCBuildConfiguration section */

/* Begin XCConfigurationList section */
		39619D5C1A23E02500AA38DA /* Build configuration list for PBXProject "CityBicycleCo" */ = {
			isa = XCConfigurationList;
			buildConfigurations = (
				39619D821A23E02600AA38DA /* Debug */,
				39619D831A23E02600AA38DA /* Release */,
			);
			defaultConfigurationIsVisible = 0;
			defaultConfigurationName = Release;
		};
		39619D841A23E02600AA38DA /* Build configuration list for PBXNativeTarget "CityBicycleCo" */ = {
			isa = XCConfigurationList;
			buildConfigurations = (
				39619D851A23E02600AA38DA /* Debug */,
				39619D861A23E02600AA38DA /* Release */,
			);
			defaultConfigurationIsVisible = 0;
			defaultConfigurationName = Release;
		};
		39619D871A23E02600AA38DA /* Build configuration list for PBXNativeTarget "CityBicycleCoTests" */ = {
			isa = XCConfigurationList;
			buildConfigurations = (
				39619D881A23E02600AA38DA /* Debug */,
				39619D891A23E02600AA38DA /* Release */,
			);
			defaultConfigurationIsVisible = 0;
			defaultConfigurationName = Release;
		};
/* End XCConfigurationList section */
	};
	rootObject = 39619D591A23E02500AA38DA /* Project object */;
}
